{
  "lockfileVersion": 1,
  "configVersion": 1,
  "workspaces": {
    "": {
      "dependencies": {
        "@tanstack/react-query": "^5.95.0",
        "@types/react-modal": "^3.16.3",
      },
    },
  },
  "packages": {
    "@tanstack/query-core": ["@tanstack/query-core@5.95.0", "", {}, "sha512-H1/CWCe8tGL3YIVeo770Z6kPbt0B3M1d/iQXIIK1qlFiFt6G2neYdkHgLapOC8uMYNt9DmHjmGukEKgdMk1P+A=="],

    "@tanstack/react-query": ["@tanstack/react-query@5.95.0", "", { "dependencies": { "@tanstack/query-core": "5.95.0" }, "peerDependencies": { "react": "^18 || ^19" } }, "sha512-EMP8B+BK9zvnAemT8M/y3z/WO0NjZ7fIUY3T3wnHYK6AA3qK/k33i7tPgCXCejhX0cd4I6bJIXN2GmjrHjDBzg=="],

    "@types/react": ["@types/react@19.2.14", "", { "dependencies": { "csstype": "^3.2.2" } }, "sha512-ilcTH/UniCkMdtexkoCN0bI7pMcJDvmQFPvuPvmEaYA/NSfFTAgdUSLAoVjaRJm7+6PvcM+q1zYOwS4wTYMF9w=="],

    "@types/react-modal": ["@types/react-modal@3.16.3", "", { "dependencies": { "@types/react": "*" } }, "sha512-xXuGavyEGaFQDgBv4UVm8/ZsG+qxeQ7f77yNrW3n+1J6XAstUy5rYHeIHPh1KzsGc6IkCIdu6lQ2xWzu1jBTLg=="],

    "csstype": ["csstype@3.2.3", "", {}, "sha512-z1HGKcYy2xA8AGQfwrn0PAy+PB7X/GSj3UVJW9qKyn43xWa+gl5nXmU4qqLMRzWVLFC8KusUX8T/0kCiOYpAIQ=="],

    "react": ["react@19.2.4", "", {}, "sha512-9nfp2hYpCwOjAN+8TZFGhtWEwgvWHXqESH8qT89AT/lWklpLON22Lc8pEtnpsZz7VmawabSU0gCjnj8aC0euHQ=="],
  }
}
